// !$*UTF8*$!
{
	archiveVersion = 1;
	classes = {
	};
	objectVersion = 56;
	objects = {

/* Begin PBXBuildFile section */
		9D5FB0D82A0A47F6002ABFFA /* AppDelegate.swift in Sources */ = {isa = PBXBuildFile; fileRef = 9D5FB0D72A0A47F6002ABFFA /* AppDelegate.swift */; };
		9D5FB0DA2A0A47F6002ABFFA /* SceneDelegate.swift in Sources */ = {isa = PBXBuildFile; fileRef = 9D5FB0D92A0A47F6002ABFFA /* SceneDelegate.swift */; };
		9D5FB0DC2A0A47F6002ABFFA /* ViewController.swift in Sources */ = {isa = PBXBuildFile; fileRef = 9D5FB0DB2A0A47F6002ABFFA /* ViewController.swift */; };
		9D5FB0DF2A0A47F6002ABFFA /* Main.storyboard in Resources */ = {isa = PBXBuildFile; fileRef = 9D5FB0DD2A0A47F6002ABFFA /* Main.storyboard */; };
		9D5FB0E12A0A47F8002ABFFA /* Assets.xcassets in Resources */ = {isa = PBXBuildFile; fileRef = 9D5FB0E02A0A47F8002ABFFA /* Assets.xcassets */; };
		9D5FB0E42A0A47F8002ABFFA /* LaunchScreen.storyboard in Resources */ = {isa = PBXBuildFile; fileRef = 9D5FB0E22A0A47F8002ABFFA /* LaunchScreen.storyboard */; };
		9D5FB0EF2A0A47FA002ABFFA /* BoardAppTests.swift in Sources */ = {isa = PBXBuildFile; fileRef = 9D5FB0EE2A0A47FA002ABFFA /* BoardAppTests.swift */; };
		9D5FB0F92A0A47FA002ABFFA /* BoardAppUITests.swift in Sources */ = {isa = PBXBuildFile; fileRef = 9D5FB0F82A0A47FA002ABFFA /* BoardAppUITests.swift */; };
		9D5FB0FB2A0A47FA002ABFFA /* BoardAppUITestsLaunchTests.swift in Sources */ = {isa = PBXBuildFile; fileRef = 9D5FB0FA2A0A47FA002ABFFA /* BoardAppUITestsLaunchTests.swift */; };
/* End PBXBuildFile section */

/* Begin PBXContainerItemProxy section */
		9D5FB0EB2A0A47FA002ABFFA /* PBXContainerItemProxy */ = {
			isa = PBXContainerItemProxy;
			containerPortal = 9D5FB0CC2A0A47F6002ABFFA /* Project object */;
			proxyType = 1;
			remoteGlobalIDString = 9D5FB0D32A0A47F6002ABFFA;
			remoteInfo = BoardApp;
		};
		9D5FB0F52A0A47FA002ABFFA /* PBXContainerItemProxy */ = {
			isa = PBXContainerItemProxy;
			containerPortal = 9D5FB0CC2A0A47F6002ABFFA /* Project object */;
			proxyType = 1;
			remoteGlobalIDString = 9D5FB0D32A0A47F6002ABFFA;
			remoteInfo = BoardApp;
		};
/* End PBXContainerItemProxy section */

/* Begin PBXFileReference section */
		9D5FB0D42A0A47F6002ABFFA /* BoardApp.app */ = {isa = PBXFileReference; explicitFileType = wrapper.application; includeInIndex = 0; path = BoardApp.app; sourceTree = BUILT_PRODUCTS_DIR; };
		9D5FB0D72A0A47F6002ABFFA /* AppDelegate.swift */ = {isa = PBXFileReference; lastKnownFileType = sourcecode.swift; path = AppDelegate.swift; sourceTree = "<group>"; };
		9D5FB0D92A0A47F6002ABFFA /* SceneDelegate.swift */ = {isa = PBXFileReference; lastKnownFileType = sourcecode.swift; path = SceneDelegate.swift; sourceTree = "<group>"; };
		9D5FB0DB2A0A47F6002ABFFA /* ViewController.swift */ = {isa = PBXFileReference; lastKnownFileType = sourcecode.swift; path = ViewController.swift; sourceTree = "<group>"; };
		9D5FB0DE2A0A47F6002ABFFA /* Base */ = {isa = PBXFileReference; lastKnownFileType = file.storyboard; name = Base; path = Base.lproj/Main.storyboard; sourceTree = "<group>"; };
		9D5FB0E02A0A47F8002ABFFA /* Assets.xcassets */ = {isa = PBXFileReference; lastKnownFileType = folder.assetcatalog; path = Assets.xcassets; sourceTree = "<group>"; };
		9D5FB0E32A0A47F8002ABFFA /* Base */ = {isa = PBXFileReference; lastKnownFileType = file.storyboard; name = Base; path = Base.lproj/LaunchScreen.storyboard; sourceTree = "<group>"; };
		9D5FB0E52A0A47F8002ABFFA /* Info.plist */ = {isa = PBXFileReference; lastKnownFileType = text.plist.xml; path = Info.plist; sourceTree = "<group>"; };
		9D5FB0EA2A0A47FA002ABFFA /* BoardAppTests.xctest */ = {isa = PBXFileReference; explicitFileType = wrapper.cfbundle; includeInIndex = 0; path = BoardAppTests.xctest; sourceTree = BUILT_PRODUCTS_DIR; };
		9D5FB0EE2A0A47FA002ABFFA /* BoardAppTests.swift */ = {isa = PBXFileReference; lastKnownFileType = sourcecode.swift; path = BoardAppTests.swift; sourceTree = "<group>"; };
		9D5FB0F42A0A47FA002ABFFA /* BoardAppUITests.xctest */ = {isa = PBXFileReference; explicitFileType = wrapper.cfbundle; includeInIndex = 0; path = BoardAppUITests.xctest; sourceTree = BUILT_PRODUCTS_DIR; };
		9D5FB0F82A0A47FA002ABFFA /* BoardAppUITests.swift */ = {isa = PBXFileReference; lastKnownFileType = sourcecode.swift; path = BoardAppUITests.swift; sourceTree = "<group>"; };
		9D5FB0FA2A0A47FA002ABFFA /* BoardAppUITestsLaunchTests.swift */ = {isa = PBXFileReference; lastKnownFileType = sourcecode.swift; path = BoardAppUITestsLaunchTests.swift; sourceTree = "<group>"; };
/* End PBXFileReference section */

/* Begin PBXFrameworksBuildPhase section */
		9D5FB0D12A0A47F6002ABFFA /* Frameworks */ = {
			isa = PBXFrameworksBuildPhase;
			buildActionMask = 2147483647;
			files = (
			);
			runOnlyForDeploymentPostprocessing = 0;
		};
		9D5FB0E72A0A47FA002ABFFA /* Frameworks */ = {
			isa = PBXFrameworksBuildPhase;
			buildActionMask = 2147483647;
			files = (
			);
			runOnlyForDeploymentPostprocessing = 0;
		};
		9D5FB0F12A0A47FA002ABFFA /* Frameworks */ = {
			isa = PBXFrameworksBuildPhase;
			buildActionMask = 2147483647;
			files = (
			);
			runOnlyForDeploymentPostprocessing = 0;
		};
/* End PBXFrameworksBuildPhase section */

/* Begin PBXGroup section */
		9D5FB0CB2A0A47F6002ABFFA = {
			isa = PBXGroup;
			children = (
				9D5FB0D62A0A47F6002ABFFA /* BoardApp */,
				9D5FB0ED2A0A47FA002ABFFA /* BoardAppTests */,
				9D5FB0F72A0A47FA002ABFFA /* BoardAppUITests */,
				9D5FB0D52A0A47F6002ABFFA /* Products */,
			);
			sourceTree = "<group>";
		};
		9D5FB0D52A0A47F6002ABFFA /* Products */ = {
			isa = PBXGroup;
			children = (
				9D5FB0D42A0A47F6002ABFFA /* BoardApp.app */,
				9D5FB0EA2A0A47FA002ABFFA /* BoardAppTests.xctest */,
				9D5FB0F42A0A47FA002ABFFA /* BoardAppUITests.xctest */,
			);
			name = Products;
			sourceTree = "<group>";
		};
		9D5FB0D62A0A47F6002ABFFA /* BoardApp */ = {
			isa = PBXGroup;
			children = (
				9D5FB0D72A0A47F6002ABFFA /* AppDelegate.swift */,
				9D5FB0D92A0A47F6002ABFFA /* SceneDelegate.swift */,
				9D5FB0DB2A0A47F6002ABFFA /* ViewController.swift */,
				9D5FB0DD2A0A47F6002ABFFA /* Main.storyboard */,
				9D5FB0E02A0A47F8002ABFFA /* Assets.xcassets */,
				9D5FB0E22A0A47F8002ABFFA /* LaunchScreen.storyboard */,
				9D5FB0E52A0A47F8002ABFFA /* Info.plist */,
			);
			path = BoardApp;
			sourceTree = "<group>";
		};
		9D5FB0ED2A0A47FA002ABFFA /* BoardAppTests */ = {
			isa = PBXGroup;
			children = (
				9D5FB0EE2A0A47FA002ABFFA /* BoardAppTests.swift */,
			);
			path = BoardAppTests;
			sourceTree = "<group>";
		};
		9D5FB0F72A0A47FA002ABFFA /* BoardAppUITests */ = {
			isa = PBXGroup;
			children = (
				9D5FB0F82A0A47FA002ABFFA /* BoardAppUITests.swift */,
				9D5FB0FA2A0A47FA002ABFFA /* BoardAppUITestsLaunchTests.swift */,
			);
			path = BoardAppUITests;
			sourceTree = "<group>";
		};
/* End PBXGroup section */

/* Begin PBXNativeTarget section */
		9D5FB0D32A0A47F6002ABFFA /* BoardApp */ = {
			isa = PBXNativeTarget;
			buildConfigurationList = 9D5FB0FE2A0A47FA002ABFFA /* Build configuration list for PBXNativeTarget "BoardApp" */;
			buildPhases = (
				9D5FB0D02A0A47F6002ABFFA /* Sources */,
				9D5FB0D12A0A47F6002ABFFA /* Frameworks */,
				9D5FB0D22A0A47F6002ABFFA /* Resources */,
			);
			buildRules = (
			);
			dependencies = (
			);
			name = BoardApp;
			productName = BoardApp;
			productReference = 9D5FB0D42A0A47F6002ABFFA /* BoardApp.app */;
			productType = "com.apple.product-type.application";
		};
		9D5FB0E92A0A47FA002ABFFA /* BoardAppTests */ = {
			isa = PBXNativeTarget;
			buildConfigurationList = 9D5FB1012A0A47FA002ABFFA /* Build configuration list for PBXNativeTarget "BoardAppTests" */;
			buildPhases = (
				9D5FB0E62A0A47FA002ABFFA /* Sources */,
				9D5FB0E72A0A47FA002ABFFA /* Frameworks */,
				9D5FB0E82A0A47FA002ABFFA /* Resources */,
			);
			buildRules = (
			);
			dependencies = (
				9D5FB0EC2A0A47FA002ABFFA /* PBXTargetDependency */,
			);
			name = BoardAppTests;
			productName = BoardAppTests;
			productReference = 9D5FB0EA2A0A47FA002ABFFA /* BoardAppTests.xctest */;
			productType = "com.apple.product-type.bundle.unit-test";
		};
		9D5FB0F32A0A47FA002ABFFA /* BoardAppUITests */ = {
			isa = PBXNativeTarget;
			buildConfigurationList = 9D5FB1042A0A47FA002ABFFA /* Build configuration list for PBXNativeTarget "BoardAppUITests" */;
			buildPhases = (
				9D5FB0F02A0A47FA002ABFFA /* Sources */,
				9D5FB0F12A0A47FA002ABFFA /* Frameworks */,
				9D5FB0F22A0A47FA002ABFFA /* Resources */,
			);
			buildRules = (
			);
			dependencies = (
				9D5FB0F62A0A47FA002ABFFA /* PBXTargetDependency */,
			);
			name = BoardAppUITests;
			productName = BoardAppUITests;
			productReference = 9D5FB0F42A0A47FA002ABFFA /* BoardAppUITests.xctest */;
			productType = "com.apple.product-type.bundle.ui-testing";
		};
/* End PBXNativeTarget section */

/* Begin PBXProject section */
		9D5FB0CC2A0A47F6002ABFFA /* Project object */ = {
			isa = PBXProject;
			attributes = {
				BuildIndependentTargetsInParallel = 1;
				LastSwiftUpdateCheck = 1430;
				LastUpgradeCheck = 1430;
				TargetAttributes = {
					9D5FB0D32A0A47F6002ABFFA = {
						CreatedOnToolsVersion = 14.3;
					};
					9D5FB0E92A0A47FA002ABFFA = {
						CreatedOnToolsVersion = 14.3;
						TestTargetID = 9D5FB0D32A0A47F6002ABFFA;
					};
					9D5FB0F32A0A47FA002ABFFA = {
						CreatedOnToolsVersion = 14.3;
						TestTargetID = 9D5FB0D32A0A47F6002ABFFA;
					};
				};
			};
			buildConfigurationList = 9D5FB0CF2A0A47F6002ABFFA /* Build configuration list for PBXProject "BoardApp" */;
			compatibilityVersion = "Xcode 14.0";
			developmentRegion = en;
			hasScannedForEncodings = 0;
			knownRegions = (
				en,
				Base,
			);
			mainGroup = 9D5FB0CB2A0A47F6002ABFFA;
			productRefGroup = 9D5FB0D52A0A47F6002ABFFA /* Products */;
			projectDirPath = "";
			projectRoot = "";
			targets = (
				9D5FB0D32A0A47F6002ABFFA /* BoardApp */,
				9D5FB0E92A0A47FA002ABFFA /* BoardAppTests */,
				9D5FB0F32A0A47FA002ABFFA /* BoardAppUITests */,
			);
		};
/* End PBXProject section */

/* Begin PBXResourcesBuildPhase section */
		9D5FB0D22A0A47F6002ABFFA /* Resources */ = {
			isa = PBXResourcesBuildPhase;
			buildActionMask = 2147483647;
			files = (
				9D5FB0E42A0A47F8002ABFFA /* LaunchScreen.storyboard in Resources */,
				9D5FB0E12A0A47F8002ABFFA /* Assets.xcassets in Resources */,
				9D5FB0DF2A0A47F6002ABFFA /* Main.storyboard in Resources */,
			);
			runOnlyForDeploymentPostprocessing = 0;
		};
		9D5FB0E82A0A47FA002ABFFA /* Resources */ = {
			isa = PBXResourcesBuildPhase;
			buildActionMask = 2147483647;
			files = (
			);
			runOnlyForDeploymentPostprocessing = 0;
		};
		9D5FB0F22A0A47FA002ABFFA /* Resources */ = {
			isa = PBXResourcesBuildPhase;
			buildActionMask = 2147483647;
			files = (
			);
			runOnlyForDeploymentPostprocessing = 0;
		};
/* End PBXResourcesBuildPhase section */

/* Begin PBXSourcesBuildPhase section */
		9D5FB0D02A0A47F6002ABFFA /* Sources */ = {
			isa = PBXSourcesBuildPhase;
			buildActionMask = 2147483647;
			files = (
				9D5FB0DC2A0A47F6002ABFFA /* ViewController.swift in Sources */,
				9D5FB0D82A0A47F6002ABFFA /* AppDelegate.swift in Sources */,
				9D5FB0DA2A0A47F6002ABFFA /* SceneDelegate.swift in Sources */,
			);
			runOnlyForDeploymentPostprocessing = 0;
		};
		9D5FB0E62A0A47FA002ABFFA /* Sources */ = {
			isa = PBXSourcesBuildPhase;
			buildActionMask = 2147483647;
			files = (
				9D5FB0EF2A0A47FA002ABFFA /* BoardAppTests.swift in Sources */,
			);
			runOnlyForDeploymentPostprocessing = 0;
		};
		9D5FB0F02A0A47FA002ABFFA /* Sources */ = {
			isa = PBXSourcesBuildPhase;
			buildActionMask = 2147483647;
			files = (
				9D5FB0FB2A0A47FA002ABFFA /* BoardAppUITestsLaunchTests.swift in Sources */,
				9D5FB0F92A0A47FA002ABFFA /* BoardAppUITests.swift in Sources */,
			);
			runOnlyForDeploymentPostprocessing = 0;
		};
/* End PBXSourcesBuildPhase section */

/* Begin PBXTargetDependency section */
		9D5FB0EC2A0A47FA002ABFFA /* PBXTargetDependency */ = {
			isa = PBXTargetDependency;
			target = 9D5FB0D32A0A47F6002ABFFA /* BoardApp */;
			targetProxy = 9D5FB0EB2A0A47FA002ABFFA /* PBXContainerItemProxy */;
		};
		9D5FB0F62A0A47FA002ABFFA /* PBXTargetDependency */ = {
			isa = PBXTargetDependency;
			target = 9D5FB0D32A0A47F6002ABFFA /* BoardApp */;
			targetProxy = 9D5FB0F52A0A47FA002ABFFA /* PBXContainerItemProxy */;
		};
/* End PBXTargetDependency section */

/* Begin PBXVariantGroup section */
		9D5FB0DD2A0A47F6002ABFFA /* Main.storyboard */ = {
			isa = PBXVariantGroup;
			children = (
				9D5FB0DE2A0A47F6002ABFFA /* Base */,
			);
			name = Main.storyboard;
			sourceTree = "<group>";
		};
		9D5FB0E22A0A47F8002ABFFA /* LaunchScreen.storyboard */ = {
			isa = PBXVariantGroup;
			children = (
				9D5FB0E32A0A47F8002ABFFA /* Base */,
			);
			name = LaunchScreen.storyboard;
			sourceTree = "<group>";
		};
/* End PBXVariantGroup section */

/* Begin XCBuildConfiguration section */
		9D5FB0FC2A0A47FA002ABFFA /* Debug */ = {
			isa = XCBuildConfiguration;
			buildSettings = {
				ALWAYS_SEARCH_USER_PATHS = NO;
				CLANG_ANALYZER_NONNULL = YES;
				CLANG_ANALYZER_NUMBER_OBJECT_CONVERSION = YES_AGGRESSIVE;
				CLANG_CXX_LANGUAGE_STANDARD = "gnu++20";
				CLANG_ENABLE_MODULES = YES;
				CLANG_ENABLE_OBJC_ARC = YES;
				CLANG_ENABLE_OBJC_WEAK = YES;
				CLANG_WARN_BLOCK_CAPTURE_AUTORELEASING = YES;
				CLANG_WARN_BOOL_CONVERSION = YES;
				CLANG_WARN_COMMA = YES;
				CLANG_WARN_CONSTANT_CONVERSION = YES;
				CLANG_WARN_DEPRECATED_OBJC_IMPLEMENTATIONS = YES;
				CLANG_WARN_DIRECT_OBJC_ISA_USAGE = YES_ERROR;
				CLANG_WARN_DOCUMENTATION_COMMENTS = YES;
				CLANG_WARN_EMPTY_BODY = YES;
				CLANG_WARN_ENUM_CONVERSION = YES;
				CLANG_WARN_INFINITE_RECURSION = YES;
				CLANG_WARN_INT_CONVERSION = YES;
				CLANG_WARN_NON_LITERAL_NULL_CONVERSION = YES;
				CLANG_WARN_OBJC_IMPLICIT_RETAIN_SELF = YES;
				CLANG_WARN_OBJC_LITERAL_CONVERSION = YES;
				CLANG_WARN_OBJC_ROOT_CLASS = YES_ERROR;
				CLANG_WARN_QUOTED_INCLUDE_IN_FRAMEWORK_HEADER = YES;
				CLANG_WARN_RANGE_LOOP_ANALYSIS = YES;
				CLANG_WARN_STRICT_PROTOTYPES = YES;
				CLANG_WARN_SUSPICIOUS_MOVE = YES;
				CLANG_WARN_UNGUARDED_AVAILABILITY = YES_AGGRESSIVE;
				CLANG_WARN_UNREACHABLE_CODE = YES;
				CLANG_WARN__DUPLICATE_METHOD_MATCH = YES;
				COPY_PHASE_STRIP = NO;
				DEBUG_INFORMATION_FORMAT = dwarf;
				ENABLE_STRICT_OBJC_MSGSEND = YES;
				ENABLE_TESTABILITY = YES;
				GCC_C_LANGUAGE_STANDARD = gnu11;
				GCC_DYNAMIC_NO_PIC = NO;
				GCC_NO_COMMON_BLOCKS = YES;
				GCC_OPTIMIZATION_LEVEL = 0;
				GCC_PREPROCESSOR_DEFINITIONS = (
					"DEBUG=1",
					"$(inherited)",
				);
				GCC_WARN_64_TO_32_BIT_CONVERSION = YES;
				GCC_WARN_ABOUT_RETURN_TYPE = YES_ERROR;
				GCC_WARN_UNDECLARED_SELECTOR = YES;
				GCC_WARN_UNINITIALIZED_AUTOS = YES_AGGRESSIVE;
				GCC_WARN_UNUSED_FUNCTION = YES;
				GCC_WARN_UNUSED_VARIABLE = YES;
				IPHONEOS_DEPLOYMENT_TARGET = 16.4;
				MTL_ENABLE_DEBUG_INFO = INCLUDE_SOURCE;
				MTL_FAST_MATH = YES;
				ONLY_ACTIVE_ARCH = YES;
				SDKROOT = iphoneos;
				SWIFT_ACTIVE_COMPILATION_CONDITIONS = DEBUG;
				SWIFT_OPTIMIZATION_LEVEL = "-Onone";
			};
			name = Debug;
		};
		9D5FB0FD2A0A47FA002ABFFA /* Release */ = {
			isa = XCBuildConfiguration;
			buildSettings = {
				ALWAYS_SEARCH_USER_PATHS = NO;
				CLANG_ANALYZER_NONNULL = YES;
				CLANG_ANALYZER_NUMBER_OBJECT_CONVERSION = YES_AGGRESSIVE;
				CLANG_CXX_LANGUAGE_STANDARD = "gnu++20";
				CLANG_ENABLE_MODULES = YES;
				CLANG_ENABLE_OBJC_ARC = YES;
				CLANG_ENABLE_OBJC_WEAK = YES;
				CLANG_WARN_BLOCK_CAPTURE_AUTORELEASING = YES;
				CLANG_WARN_BOOL_CONVERSION = YES;
				CLANG_WARN_COMMA = YES;
				CLANG_WARN_CONSTANT_CONVERSION = YES;
				CLANG_WARN_DEPRECATED_OBJC_IMPLEMENTATIONS = YES;
				CLANG_WARN_DIRECT_OBJC_ISA_USAGE = YES_ERROR;
				CLANG_WARN_DOCUMENTATION_COMMENTS = YES;
				CLANG_WARN_EMPTY_BODY = YES;
				CLANG_WARN_ENUM_CONVERSION = YES;
				CLANG_WARN_INFINITE_RECURSION = YES;
				CLANG_WARN_INT_CONVERSION = YES;
				CLANG_WARN_NON_LITERAL_NULL_CONVERSION = YES;
				CLANG_WARN_OBJC_IMPLICIT_RETAIN_SELF = YES;
				CLANG_WARN_OBJC_LITERAL_CONVERSION = YES;
				CLANG_WARN_OBJC_ROOT_CLASS = YES_ERROR;
				CLANG_WARN_QUOTED_INCLUDE_IN_FRAMEWORK_HEADER = YES;
				CLANG_WARN_RANGE_LOOP_ANALYSIS = YES;
				CLANG_WARN_STRICT_PROTOTYPES = YES;
				CLANG_WARN_SUSPICIOUS_MOVE = YES;
				CLANG_WARN_UNGUARDED_AVAILABILITY = YES_AGGRESSIVE;
				CLANG_WARN_UNREACHABLE_CODE = YES;
				CLANG_WARN__DUPLICATE_METHOD_MATCH = YES;
				COPY_PHASE_STRIP = NO;
				DEBUG_INFORMATION_FORMAT = "dwarf-with-dsym";
				ENABLE_NS_ASSERTIONS = NO;
				ENABLE_STRICT_OBJC_MSGSEND = YES;
				GCC_C_LANGUAGE_STANDARD = gnu11;
				GCC_NO_COMMON_BLOCKS = YES;
				GCC_WARN_64_TO_32_BIT_CONVERSION = YES;
				GCC_WARN_ABOUT_RETURN_TYPE = YES_ERROR;
				GCC_WARN_UNDECLARED_SELECTOR = YES;
				GCC_WARN_UNINITIALIZED_AUTOS = YES_AGGRESSIVE;
				GCC_WARN_UNUSED_FUNCTION = YES;
				GCC_WARN_UNUSED_VARIABLE = YES;
				IPHONEOS_DEPLOYMENT_TARGET = 16.4;
				MTL_ENABLE_DEBUG_INFO = NO;
				MTL_FAST_MATH = YES;
				SDKROOT = iphoneos;
				SWIFT_COMPILATION_MODE = wholemodule;
				SWIFT_OPTIMIZATION_LEVEL = "-O";
				VALIDATE_PRODUCT = YES;
			};
			name = Release;
		};
		9D5FB0FF2A0A47FA002ABFFA /* Debug */ = {
			isa = XCBuildConfiguration;
			buildSettings = {
				ASSETCATALOG_COMPILER_APPICON_NAME = AppIcon;
				ASSETCATALOG_COMPILER_GLOBAL_ACCENT_COLOR_NAME = AccentColor;
				CODE_SIGN_STYLE = Automatic;
				CURRENT_PROJECT_VERSION = 1;
				GENERATE_INFOPLIST_FILE = YES;
				INFOPLIST_FILE = BoardApp/Info.plist;
				INFOPLIST_KEY_UIApplicationSupportsIndirectInputEvents = YES;
				INFOPLIST_KEY_UILaunchStoryboardName = LaunchScreen;
				INFOPLIST_KEY_UIMainStoryboardFile = Main;
				INFOPLIST_KEY_UISupportedInterfaceOrientations_iPad = "UIInterfaceOrientationPortrait UIInterfaceOrientationPortraitUpsideDown UIInterfaceOrientationLandscapeLeft UIInterfaceOrientationLandscapeRight";
				INFOPLIST_KEY_UISupportedInterfaceOrientations_iPhone = "UIInterfaceOrientationPortrait UIInterfaceOrientationLandscapeLeft UIInterfaceOrientationLandscapeRight";
				LD_RUNPATH_SEARCH_PATHS = (
					"$(inherited)",
					"@executable_path/Frameworks",
				);
				MARKETING_VERSION = 1.0;
				PRODUCT_BUNDLE_IDENTIFIER = com.ArushSharma.BoardApp;
				PRODUCT_NAME = "$(TARGET_NAME)";
				SWIFT_EMIT_LOC_STRINGS = YES;
				SWIFT_VERSION = 5.0;
				TARGETED_DEVICE_FAMILY = "1,2";
			};
			name = Debug;
		};
		9D5FB1002A0A47FA002ABFFA /* Release */ = {
			isa = XCBuildConfiguration;
			buildSettings = {
				ASSETCATALOG_COMPILER_APPICON_NAME = AppIcon;
				ASSETCATALOG_COMPILER_GLOBAL_ACCENT_COLOR_NAME = AccentColor;
				CODE_SIGN_STYLE = Automatic;
				CURRENT_PROJECT_VERSION = 1;
				GENERATE_INFOPLIST_FILE = YES;
				INFOPLIST_FILE = BoardApp/Info.plist;
				INFOPLIST_KEY_UIApplicationSupportsIndirectInputEvents = YES;
				INFOPLIST_KEY_UILaunchStoryboardName = LaunchScreen;
				INFOPLIST_KEY_UIMainStoryboardFile = Main;
				INFOPLIST_KEY_UISupportedInterfaceOrientations_iPad = "UIInterfaceOrientationPortrait UIInterfaceOrientationPortraitUpsideDown UIInterfaceOrientationLandscapeLeft UIInterfaceOrientationLandscapeRight";
				INFOPLIST_KEY_UISupportedInterfaceOrientations_iPhone = "UIInterfaceOrientationPortrait UIInterfaceOrientationLandscapeLeft UIInterfaceOrientationLandscapeRight";
				LD_RUNPATH_SEARCH_PATHS = (
					"$(inherited)",
					"@executable_path/Frameworks",
				);
				MARKETING_VERSION = 1.0;
				PRODUCT_BUNDLE_IDENTIFIER = com.ArushSharma.BoardApp;
				PRODUCT_NAME = "$(TARGET_NAME)";
				SWIFT_EMIT_LOC_STRINGS = YES;
				SWIFT_VERSION = 5.0;
				TARGETED_DEVICE_FAMILY = "1,2";
			};
			name = Release;
		};
		9D5FB1022A0A47FA002ABFFA /* Debug */ = {
			isa = XCBuildConfiguration;
			buildSettings = {
				ALWAYS_EMBED_SWIFT_STANDARD_LIBRARIES = YES;
				BUNDLE_LOADER = "$(TEST_HOST)";
				CODE_SIGN_STYLE = Automatic;
				CURRENT_PROJECT_VERSION = 1;
				GENERATE_INFOPLIST_FILE = YES;
				IPHONEOS_DEPLOYMENT_TARGET = 16.4;
				MARKETING_VERSION = 1.0;
				PRODUCT_BUNDLE_IDENTIFIER = com.ArushSharma.BoardAppTests;
				PRODUCT_NAME = "$(TARGET_NAME)";
				SWIFT_EMIT_LOC_STRINGS = NO;
				SWIFT_VERSION = 5.0;
				TARGETED_DEVICE_FAMILY = "1,2";
				TEST_HOST = "$(BUILT_PRODUCTS_DIR)/BoardApp.app/$(BUNDLE_EXECUTABLE_FOLDER_PATH)/BoardApp";
			};
			name = Debug;
		};
		9D5FB1032A0A47FA002ABFFA /* Release */ = {
			isa = XCBuildConfiguration;
			buildSettings = {
				ALWAYS_EMBED_SWIFT_STANDARD_LIBRARIES = YES;
				BUNDLE_LOADER = "$(TEST_HOST)";
				CODE_SIGN_STYLE = Automatic;
				CURRENT_PROJECT_VERSION = 1;
				GENERATE_INFOPLIST_FILE = YES;
				IPHONEOS_DEPLOYMENT_TARGET = 16.4;
				MARKETING_VERSION = 1.0;
				PRODUCT_BUNDLE_IDENTIFIER = com.ArushSharma.BoardAppTests;
				PRODUCT_NAME = "$(TARGET_NAME)";
				SWIFT_EMIT_LOC_STRINGS = NO;
				SWIFT_VERSION = 5.0;
				TARGETED_DEVICE_FAMILY = "1,2";
				TEST_HOST = "$(BUILT_PRODUCTS_DIR)/BoardApp.app/$(BUNDLE_EXECUTABLE_FOLDER_PATH)/BoardApp";
			};
			name = Release;
		};
		9D5FB1052A0A47FA002ABFFA /* Debug */ = {
			isa = XCBuildConfiguration;
			buildSettings = {
				ALWAYS_EMBED_SWIFT_STANDARD_LIBRARIES = YES;
				CODE_SIGN_STYLE = Automatic;
				CURRENT_PROJECT_VERSION = 1;
				GENERATE_INFOPLIST_FILE = YES;
				MARKETING_VERSION = 1.0;
				PRODUCT_BUNDLE_IDENTIFIER = com.ArushSharma.BoardAppUITests;
				PRODUCT_NAME = "$(TARGET_NAME)";
				SWIFT_EMIT_LOC_STRINGS = NO;
				SWIFT_VERSION = 5.0;
				TARGETED_DEVICE_FAMILY = "1,2";
				TEST_TARGET_NAME = BoardApp;
			};
			name = Debug;
		};
		9D5FB1062A0A47FA002ABFFA /* Release */ = {
			isa = XCBuildConfiguration;
			buildSettings = {
				ALWAYS_EMBED_SWIFT_STANDARD_LIBRARIES = YES;
				CODE_SIGN_STYLE = Automatic;
				CURRENT_PROJECT_VERSION = 1;
				GENERATE_INFOPLIST_FILE = YES;
				MARKETING_VERSION = 1.0;
				PRODUCT_BUNDLE_IDENTIFIER = com.ArushSharma.BoardAppUITests;
				PRODUCT_NAME = "$(TARGET_NAME)";
				SWIFT_EMIT_LOC_STRINGS = NO;
				SWIFT_VERSION = 5.0;
				TARGETED_DEVICE_FAMILY = "1,2";
				TEST_TARGET_NAME = BoardApp;
			};
			name = Release;
		};
/* End XCBuildConfiguration section */

/* Begin XCConfigurationList section */
		9D5FB0CF2A0A47F6002ABFFA /* Build configuration list for PBXProject "BoardApp" */ = {
			isa = XCConfigurationList;
			buildConfigurations = (
				9D5FB0FC2A0A47FA002ABFFA /* Debug */,
				9D5FB0FD2A0A47FA002ABFFA /* Release */,
			);
			defaultConfigurationIsVisible = 0;
			defaultConfigurationName = Release;
		};
		9D5FB0FE2A0A47FA002ABFFA /* Build configuration list for PBXNativeTarget "BoardApp" */ = {
			isa = XCConfigurationList;
			buildConfigurations = (
				9D5FB0FF2A0A47FA002ABFFA /* Debug */,
				9D5FB1002A0A47FA002ABFFA /* Release */,
			);
			defaultConfigurationIsVisible = 0;
			defaultConfigurationName = Release;
		};
		9D5FB1012A0A47FA002ABFFA /* Build configuration list for PBXNativeTarget "BoardAppTests" */ = {
			isa = XCConfigurationList;
			buildConfigurations = (
				9D5FB1022A0A47FA002ABFFA /* Debug */,
				9D5FB1032A0A47FA002ABFFA /* Release */,
			);
			defaultConfigurationIsVisible = 0;
			defaultConfigurationName = Release;
		};
		9D5FB1042A0A47FA002ABFFA /* Build configuration list for PBXNativeTarget "BoardAppUITests" */ = {
			isa = XCConfigurationList;
			buildConfigurations = (
				9D5FB1052A0A47FA002ABFFA /* Debug */,
				9D5FB1062A0A47FA002ABFFA /* Release */,
			);
			defaultConfigurationIsVisible = 0;
			defaultConfigurationName = Release;
		};
/* End XCConfigurationList section */
	};
	rootObject = 9D5FB0CC2A0A47F6002ABFFA /* Project object */;
}
